
Microsoft Visual Studio Solution File, Format Version 12.00
# Visual Studio Version 17
Project("{2150E333-8FDC-42A3-9474-1A3956D46DE8}") = "Tests", "Tests", "{1FCE6517-8B83-DE0C-1478-D8E3802CD510}"
EndProject
Project("{8BC9CEB8-8B4A-11D0-8D11-00A0C91BC942}") = "TestApp", ".build\vs2022\TestApp.vcxproj", "{8655D639-F234-55D5-FB4C-E0AB67ABBB36}"
	ProjectSection(ProjectDependencies) = postProject
		{E943B105-55F9-29FB-DEED-23D24AA220FF} = {E943B105-55F9-29FB-DEED-23D24AA220FF}
		{492615A3-35DE-56F0-9EE5-2F4C8ABCF1E0} = {492615A3-35DE-56F0-9EE5-2F4C8ABCF1E0}
		{BBE514A3-A79D-56F0-10A5-2F4CFC7BF1E0} = {BBE514A3-A79D-56F0-10A5-2F4CFC7BF1E0}
		{853409A9-F14A-073F-3AC2-9260A617D8C6} = {853409A9-F14A-073F-3AC2-9260A617D8C6}
		{634537F2-4F13-2BF8-38A7-9B1E2414075D} = {634537F2-4F13-2BF8-38A7-9B1E2414075D}
		{020A15A3-EEC1-56F0-57C9-2F4C43A0F1E0} = {020A15A3-EEC1-56F0-57C9-2F4C43A0F1E0}
	EndProjectSection
EndProject
Project("{2150E333-8FDC-42A3-9474-1A3956D46DE8}") = "External", "External", "{6F244A6A-5BF2-3D70-4486-AE9630F319D5}"
EndProject
Project("{8BC9CEB8-8B4A-11D0-8D11-00A0C91BC942}") = "lua", ".build\vs2022\lua.vcxproj", "{C78D880B-3397-887C-BC12-9F7C281B947C}"
EndProject
Project("{8BC9CEB8-8B4A-11D0-8D11-00A0C91BC942}") = "sol2", ".build\vs2022\sol2.vcxproj", "{65059E7C-513C-9F0D-FA28-8510E63E1B0F}"
	ProjectSection(ProjectDependencies) = postProject
		{C78D880B-3397-887C-BC12-9F7C281B947C} = {C78D880B-3397-887C-BC12-9F7C281B947C}
	EndProjectSection
EndProject
Project("{2150E333-8FDC-42A3-9474-1A3956D46DE8}") = "Phoenix", "Phoenix", "{C7B5D75A-3376-5391-FCB0-9C0E6830986D}"
EndProject
Project("{8BC9CEB8-8B4A-11D0-8D11-00A0C91BC942}") = "PhoenixBlackboard", ".build\vs2022\PhoenixBlackboard.vcxproj", "{853409A9-F14A-073F-3AC2-9260A617D8C6}"
	ProjectSection(ProjectDependencies) = postProject
		{E943B105-55F9-29FB-DEED-23D24AA220FF} = {E943B105-55F9-29FB-DEED-23D24AA220FF}
		{492615A3-35DE-56F0-9EE5-2F4C8ABCF1E0} = {492615A3-35DE-56F0-9EE5-2F4C8ABCF1E0}
	EndProjectSection
EndProject
Project("{8BC9CEB8-8B4A-11D0-8D11-00A0C91BC942}") = "PhoenixCore", ".build\vs2022\PhoenixCore.vcxproj", "{E943B105-55F9-29FB-DEED-23D24AA220FF}"
EndProject
Project("{8BC9CEB8-8B4A-11D0-8D11-00A0C91BC942}") = "PhoenixECS", ".build\vs2022\PhoenixECS.vcxproj", "{BBE514A3-A79D-56F0-10A5-2F4CFC7BF1E0}"
	ProjectSection(ProjectDependencies) = postProject
		{E943B105-55F9-29FB-DEED-23D24AA220FF} = {E943B105-55F9-29FB-DEED-23D24AA220FF}
		{492615A3-35DE-56F0-9EE5-2F4C8ABCF1E0} = {492615A3-35DE-56F0-9EE5-2F4C8ABCF1E0}
		{853409A9-F14A-073F-3AC2-9260A617D8C6} = {853409A9-F14A-073F-3AC2-9260A617D8C6}
	EndProjectSection
EndProject
Project("{8BC9CEB8-8B4A-11D0-8D11-00A0C91BC942}") = "PhoenixLua", ".build\vs2022\PhoenixLua.vcxproj", "{020A15A3-EEC1-56F0-57C9-2F4C43A0F1E0}"
	ProjectSection(ProjectDependencies) = postProject
		{C78D880B-3397-887C-BC12-9F7C281B947C} = {C78D880B-3397-887C-BC12-9F7C281B947C}
		{65059E7C-513C-9F0D-FA28-8510E63E1B0F} = {65059E7C-513C-9F0D-FA28-8510E63E1B0F}
		{E943B105-55F9-29FB-DEED-23D24AA220FF} = {E943B105-55F9-29FB-DEED-23D24AA220FF}
		{492615A3-35DE-56F0-9EE5-2F4C8ABCF1E0} = {492615A3-35DE-56F0-9EE5-2F4C8ABCF1E0}
		{853409A9-F14A-073F-3AC2-9260A617D8C6} = {853409A9-F14A-073F-3AC2-9260A617D8C6}
		{BBE514A3-A79D-56F0-10A5-2F4CFC7BF1E0} = {BBE514A3-A79D-56F0-10A5-2F4CFC7BF1E0}
		{634537F2-4F13-2BF8-38A7-9B1E2414075D} = {634537F2-4F13-2BF8-38A7-9B1E2414075D}
	EndProjectSection
EndProject
Project("{8BC9CEB8-8B4A-11D0-8D11-00A0C91BC942}") = "PhoenixPhysics", ".build\vs2022\PhoenixPhysics.vcxproj", "{634537F2-4F13-2BF8-38A7-9B1E2414075D}"
	ProjectSection(ProjectDependencies) = postProject
		{E943B105-55F9-29FB-DEED-23D24AA220FF} = {E943B105-55F9-29FB-DEED-23D24AA220FF}
		{492615A3-35DE-56F0-9EE5-2F4C8ABCF1E0} = {492615A3-35DE-56F0-9EE5-2F4C8ABCF1E0}
		{BBE514A3-A79D-56F0-10A5-2F4CFC7BF1E0} = {BBE514A3-A79D-56F0-10A5-2F4CFC7BF1E0}
	EndProjectSection
EndProject
Project("{8BC9CEB8-8B4A-11D0-8D11-00A0C91BC942}") = "PhoenixSim", ".build\vs2022\PhoenixSim.vcxproj", "{492615A3-35DE-56F0-9EE5-2F4C8ABCF1E0}"
	ProjectSection(ProjectDependencies) = postProject
		{E943B105-55F9-29FB-DEED-23D24AA220FF} = {E943B105-55F9-29FB-DEED-23D24AA220FF}
	EndProjectSection
EndProject
Global
	GlobalSection(SolutionConfigurationPlatforms) = preSolution
		Debug|x64 = Debug|x64
		ReleaseWithSymbols|x64 = ReleaseWithSymbols|x64
		Release|x64 = Release|x64
	EndGlobalSection
	GlobalSection(ProjectConfigurationPlatforms) = postSolution
		{8655D639-F234-55D5-FB4C-E0AB67ABBB36}.Debug|x64.ActiveCfg = Debug|x64
		{8655D639-F234-55D5-FB4C-E0AB67ABBB36}.Debug|x64.Build.0 = Debug|x64
		{8655D639-F234-55D5-FB4C-E0AB67ABBB36}.ReleaseWithSymbols|x64.ActiveCfg = ReleaseWithSymbols|x64
		{8655D639-F234-55D5-FB4C-E0AB67ABBB36}.ReleaseWithSymbols|x64.Build.0 = ReleaseWithSymbols|x64
		{8655D639-F234-55D5-FB4C-E0AB67ABBB36}.Release|x64.ActiveCfg = Release|x64
		{8655D639-F234-55D5-FB4C-E0AB67ABBB36}.Release|x64.Build.0 = Release|x64
		{C78D880B-3397-887C-BC12-9F7C281B947C}.Debug|x64.ActiveCfg = Debug|x64
		{C78D880B-3397-887C-BC12-9F7C281B947C}.Debug|x64.Build.0 = Debug|x64
		{C78D880B-3397-887C-BC12-9F7C281B947C}.ReleaseWithSymbols|x64.ActiveCfg = ReleaseWithSymbols|x64
		{C78D880B-3397-887C-BC12-9F7C281B947C}.ReleaseWithSymbols|x64.Build.0 = ReleaseWithSymbols|x64
		{C78D880B-3397-887C-BC12-9F7C281B947C}.Release|x64.ActiveCfg = Release|x64
		{C78D880B-3397-887C-BC12-9F7C281B947C}.Release|x64.Build.0 = Release|x64
		{65059E7C-513C-9F0D-FA28-8510E63E1B0F}.Debug|x64.ActiveCfg = Debug|x64
		{65059E7C-513C-9F0D-FA28-8510E63E1B0F}.Debug|x64.Build.0 = Debug|x64
		{65059E7C-513C-9F0D-FA28-8510E63E1B0F}.ReleaseWithSymbols|x64.ActiveCfg = ReleaseWithSymbols|x64
		{65059E7C-513C-9F0D-FA28-8510E63E1B0F}.ReleaseWithSymbols|x64.Build.0 = ReleaseWithSymbols|x64
		{65059E7C-513C-9F0D-FA28-8510E63E1B0F}.Release|x64.ActiveCfg = Release|x64
		{65059E7C-513C-9F0D-FA28-8510E63E1B0F}.Release|x64.Build.0 = Release|x64
		{853409A9-F14A-073F-3AC2-9260A617D8C6}.Debug|x64.ActiveCfg = Debug|x64
		{853409A9-F14A-073F-3AC2-9260A617D8C6}.Debug|x64.Build.0 = Debug|x64
		{853409A9-F14A-073F-3AC2-9260A617D8C6}.ReleaseWithSymbols|x64.ActiveCfg = ReleaseWithSymbols|x64
		{853409A9-F14A-073F-3AC2-9260A617D8C6}.ReleaseWithSymbols|x64.Build.0 = ReleaseWithSymbols|x64
		{853409A9-F14A-073F-3AC2-9260A617D8C6}.Release|x64.ActiveCfg = Release|x64
		{853409A9-F14A-073F-3AC2-9260A617D8C6}.Release|x64.Build.0 = Release|x64
		{E943B105-55F9-29FB-DEED-23D24AA220FF}.Debug|x64.ActiveCfg = Debug|x64
		{E943B105-55F9-29FB-DEED-23D24AA220FF}.Debug|x64.Build.0 = Debug|x64
		{E943B105-55F9-29FB-DEED-23D24AA220FF}.ReleaseWithSymbols|x64.ActiveCfg = ReleaseWithSymbols|x64
		{E943B105-55F9-29FB-DEED-23D24AA220FF}.ReleaseWithSymbols|x64.Build.0 = ReleaseWithSymbols|x64
		{E943B105-55F9-29FB-DEED-23D24AA220FF}.Release|x64.ActiveCfg = Release|x64
		{E943B105-55F9-29FB-DEED-23D24AA220FF}.Release|x64.Build.0 = Release|x64
		{BBE514A3-A79D-56F0-10A5-2F4CFC7BF1E0}.Debug|x64.ActiveCfg = Debug|x64
		{BBE514A3-A79D-56F0-10A5-2F4CFC7BF1E0}.Debug|x64.Build.0 = Debug|x64
		{BBE514A3-A79D-56F0-10A5-2F4CFC7BF1E0}.ReleaseWithSymbols|x64.ActiveCfg = ReleaseWithSymbols|x64
		{BBE514A3-A79D-56F0-10A5-2F4CFC7BF1E0}.ReleaseWithSymbols|x64.Build.0 = ReleaseWithSymbols|x64
		{BBE514A3-A79D-56F0-10A5-2F4CFC7BF1E0}.Release|x64.ActiveCfg = Release|x64
		{BBE514A3-A79D-56F0-10A5-2F4CFC7BF1E0}.Release|x64.Build.0 = Release|x64
		{020A15A3-EEC1-56F0-57C9-2F4C43A0F1E0}.Debug|x64.ActiveCfg = Debug|x64
		{020A15A3-EEC1-56F0-57C9-2F4C43A0F1E0}.Debug|x64.Build.0 = Debug|x64
		{020A15A3-EEC1-56F0-57C9-2F4C43A0F1E0}.ReleaseWithSymbols|x64.ActiveCfg = ReleaseWithSymbols|x64
		{020A15A3-EEC1-56F0-57C9-2F4C43A0F1E0}.ReleaseWithSymbols|x64.Build.0 = ReleaseWithSymbols|x64
		{020A15A3-EEC1-56F0-57C9-2F4C43A0F1E0}.Release|x64.ActiveCfg = Release|x64
		{020A15A3-EEC1-56F0-57C9-2F4C43A0F1E0}.Release|x64.Build.0 = Release|x64
		{634537F2-4F13-2BF8-38A7-9B1E2414075D}.Debug|x64.ActiveCfg = Debug|x64
		{634537F2-4F13-2BF8-38A7-9B1E2414075D}.Debug|x64.Build.0 = Debug|x64
		{634537F2-4F13-2BF8-38A7-9B1E2414075D}.ReleaseWithSymbols|x64.ActiveCfg = ReleaseWithSymbols|x64
		{634537F2-4F13-2BF8-38A7-9B1E2414075D}.ReleaseWithSymbols|x64.Build.0 = ReleaseWithSymbols|x64
		{634537F2-4F13-2BF8-38A7-9B1E2414075D}.Release|x64.ActiveCfg = Release|x64
		{634537F2-4F13-2BF8-38A7-9B1E2414075D}.Release|x64.Build.0 = Release|x64
		{492615A3-35DE-56F0-9EE5-2F4C8ABCF1E0}.Debug|x64.ActiveCfg = Debug|x64
		{492615A3-35DE-56F0-9EE5-2F4C8ABCF1E0}.Debug|x64.Build.0 = Debug|x64
		{492615A3-35DE-56F0-9EE5-2F4C8ABCF1E0}.ReleaseWithSymbols|x64.ActiveCfg = ReleaseWithSymbols|x64
		{492615A3-35DE-56F0-9EE5-2F4C8ABCF1E0}.ReleaseWithSymbols|x64.Build.0 = ReleaseWithSymbols|x64
		{492615A3-35DE-56F0-9EE5-2F4C8ABCF1E0}.Release|x64.ActiveCfg = Release|x64
		{492615A3-35DE-56F0-9EE5-2F4C8ABCF1E0}.Release|x64.Build.0 = Release|x64
	EndGlobalSection
	GlobalSection(SolutionProperties) = preSolution
		HideSolutionNode = FALSE
	EndGlobalSection
	GlobalSection(NestedProjects) = preSolution
		{8655D639-F234-55D5-FB4C-E0AB67ABBB36} = {1FCE6517-8B83-DE0C-1478-D8E3802CD510}
		{C78D880B-3397-887C-BC12-9F7C281B947C} = {6F244A6A-5BF2-3D70-4486-AE9630F319D5}
		{65059E7C-513C-9F0D-FA28-8510E63E1B0F} = {6F244A6A-5BF2-3D70-4486-AE9630F319D5}
		{853409A9-F14A-073F-3AC2-9260A617D8C6} = {C7B5D75A-3376-5391-FCB0-9C0E6830986D}
		{E943B105-55F9-29FB-DEED-23D24AA220FF} = {C7B5D75A-3376-5391-FCB0-9C0E6830986D}
		{BBE514A3-A79D-56F0-10A5-2F4CFC7BF1E0} = {C7B5D75A-3376-5391-FCB0-9C0E6830986D}
		{020A15A3-EEC1-56F0-57C9-2F4C43A0F1E0} = {C7B5D75A-3376-5391-FCB0-9C0E6830986D}
		{634537F2-4F13-2BF8-38A7-9B1E2414075D} = {C7B5D75A-3376-5391-FCB0-9C0E6830986D}
		{492615A3-35DE-56F0-9EE5-2F4C8ABCF1E0} = {C7B5D75A-3376-5391-FCB0-9C0E6830986D}
	EndGlobalSection
EndGlobal
