
Microsoft Visual Studio Solution File, Format Version 12.00
# Visual Studio Version 17
Project("{2150E333-8FDC-42A3-9474-1A3956D46DE8}") = "Tests", "Tests", "{1FCE6517-8B83-DE0C-1478-D8E3802CD510}"
EndProject
Project("{8BC9CEB8-8B4A-11D0-8D11-00A0C91BC942}") = "TestApp", "Tests\TestApp\TestApp.vcxproj", "{8655D639-F234-55D5-FB4C-E0AB67ABBB36}"
EndProject
Project("{8BC9CEB8-8B4A-11D0-8D11-00A0C91BC942}") = "CDT", "Tests\CDT\CDT.vcxproj", "{00D9870B-6CE2-877C-F55D-9E7C6166937C}"
EndProject
Project("{8BC9CEB8-8B4A-11D0-8D11-00A0C91BC942}") = "PhoenixSimDriver", "Tests\PhoenixSimDriver\PhoenixSimDriver.vcxproj", "{75441E9E-613D-3DF0-8A6F-227576C71CFC}"
EndProject
Project("{2150E333-8FDC-42A3-9474-1A3956D46DE8}") = "Core", "Core", "{15A0C35D-0158-05AB-6A5F-DE065636A09B}"
EndProject
Project("{8BC9CEB8-8B4A-11D0-8D11-00A0C91BC942}") = "PhoenixCore", "PhoenixCore\PhoenixCore.vcxproj", "{E943B105-55F9-29FB-DEED-23D24AA220FF}"
EndProject
Project("{8BC9CEB8-8B4A-11D0-8D11-00A0C91BC942}") = "PhoenixSim", "PhoenixSim\PhoenixSim.vcxproj", "{492615A3-35DE-56F0-9EE5-2F4C8ABCF1E0}"
EndProject
Global
	GlobalSection(SolutionConfigurationPlatforms) = preSolution
		Debug|x64 = Debug|x64
		Release|x64 = Release|x64
	EndGlobalSection
	GlobalSection(ProjectConfigurationPlatforms) = postSolution
		{8655D639-F234-55D5-FB4C-E0AB67ABBB36}.Debug|x64.ActiveCfg = Debug|x64
		{8655D639-F234-55D5-FB4C-E0AB67ABBB36}.Debug|x64.Build.0 = Debug|x64
		{8655D639-F234-55D5-FB4C-E0AB67ABBB36}.Release|x64.ActiveCfg = Release|x64
		{8655D639-F234-55D5-FB4C-E0AB67ABBB36}.Release|x64.Build.0 = Release|x64
		{00D9870B-6CE2-877C-F55D-9E7C6166937C}.Debug|x64.ActiveCfg = Debug|x64
		{00D9870B-6CE2-877C-F55D-9E7C6166937C}.Debug|x64.Build.0 = Debug|x64
		{00D9870B-6CE2-877C-F55D-9E7C6166937C}.Release|x64.ActiveCfg = Release|x64
		{00D9870B-6CE2-877C-F55D-9E7C6166937C}.Release|x64.Build.0 = Release|x64
		{75441E9E-613D-3DF0-8A6F-227576C71CFC}.Debug|x64.ActiveCfg = Debug|x64
		{75441E9E-613D-3DF0-8A6F-227576C71CFC}.Debug|x64.Build.0 = Debug|x64
		{75441E9E-613D-3DF0-8A6F-227576C71CFC}.Release|x64.ActiveCfg = Release|x64
		{75441E9E-613D-3DF0-8A6F-227576C71CFC}.Release|x64.Build.0 = Release|x64
		{E943B105-55F9-29FB-DEED-23D24AA220FF}.Debug|x64.ActiveCfg = Debug|x64
		{E943B105-55F9-29FB-DEED-23D24AA220FF}.Debug|x64.Build.0 = Debug|x64
		{E943B105-55F9-29FB-DEED-23D24AA220FF}.Release|x64.ActiveCfg = Release|x64
		{E943B105-55F9-29FB-DEED-23D24AA220FF}.Release|x64.Build.0 = Release|x64
		{492615A3-35DE-56F0-9EE5-2F4C8ABCF1E0}.Debug|x64.ActiveCfg = Debug|x64
		{492615A3-35DE-56F0-9EE5-2F4C8ABCF1E0}.Debug|x64.Build.0 = Debug|x64
		{492615A3-35DE-56F0-9EE5-2F4C8ABCF1E0}.Release|x64.ActiveCfg = Release|x64
		{492615A3-35DE-56F0-9EE5-2F4C8ABCF1E0}.Release|x64.Build.0 = Release|x64
	EndGlobalSection
	GlobalSection(SolutionProperties) = preSolution
		HideSolutionNode = FALSE
	EndGlobalSection
	GlobalSection(NestedProjects) = preSolution
		{8655D639-F234-55D5-FB4C-E0AB67ABBB36} = {1FCE6517-8B83-DE0C-1478-D8E3802CD510}
		{00D9870B-6CE2-877C-F55D-9E7C6166937C} = {1FCE6517-8B83-DE0C-1478-D8E3802CD510}
		{75441E9E-613D-3DF0-8A6F-227576C71CFC} = {1FCE6517-8B83-DE0C-1478-D8E3802CD510}
		{E943B105-55F9-29FB-DEED-23D24AA220FF} = {15A0C35D-0158-05AB-6A5F-DE065636A09B}
		{492615A3-35DE-56F0-9EE5-2F4C8ABCF1E0} = {15A0C35D-0158-05AB-6A5F-DE065636A09B}
	EndGlobalSection
EndGlobal
