<?xml version="1.0" encoding="utf-8"?>
<Project ToolsVersion="4.0" xmlns="http://schemas.microsoft.com/developer/msbuild/2003">
  <ItemGroup>
    <Filter Include="External">
      <UniqueIdentifier>{089DB854-F469-1360-1D83-010809AF48EE}</UniqueIdentifier>
    </Filter>
    <Filter Include="External\imgui">
      <UniqueIdentifier>{72501853-5E1E-0C59-47B2-7C7F331FE8BD}</UniqueIdentifier>
    </Filter>
    <Filter Include="External\imgui\backends">
      <UniqueIdentifier>{DC6ABC55-48A2-04ED-51AC-6810BD622BE6}</UniqueIdentifier>
    </Filter>
    <Filter Include="External\nlohmann">
      <UniqueIdentifier>{12A2452A-7EB8-43C0-C72F-CFE133851448}</UniqueIdentifier>
    </Filter>
    <Filter Include="External\tracy">
      <UniqueIdentifier>{1A00E253-06CE-D559-EF61-4680DBCEB1BE}</UniqueIdentifier>
    </Filter>
    <Filter Include="SDL">
      <UniqueIdentifier>{081D880B-7426-887C-FDA1-9E7C69AA937C}</UniqueIdentifier>
    </Filter>
    <Filter Include="Tools">
      <UniqueIdentifier>{16CF2D0E-82E3-55BF-4B65-F91EB73852F0}</UniqueIdentifier>
    </Filter>
  </ItemGroup>
  <ItemGroup>
    <ClInclude Include="..\..\External\imgui\backends\imgui_impl_sdl3.h">
      <Filter>External\imgui\backends</Filter>
    </ClInclude>
    <ClInclude Include="..\..\External\imgui\backends\imgui_impl_sdlrenderer3.h">
      <Filter>External\imgui\backends</Filter>
    </ClInclude>
    <ClInclude Include="..\..\External\imgui\imconfig.h">
      <Filter>External\imgui</Filter>
    </ClInclude>
    <ClInclude Include="..\..\External\imgui\imgui.h">
      <Filter>External\imgui</Filter>
    </ClInclude>
    <ClInclude Include="..\..\External\imgui\imgui_internal.h">
      <Filter>External\imgui</Filter>
    </ClInclude>
    <ClInclude Include="..\..\External\imgui\imstb_rectpack.h">
      <Filter>External\imgui</Filter>
    </ClInclude>
    <ClInclude Include="..\..\External\imgui\imstb_textedit.h">
      <Filter>External\imgui</Filter>
    </ClInclude>
    <ClInclude Include="..\..\External\imgui\imstb_truetype.h">
      <Filter>External\imgui</Filter>
    </ClInclude>
    <ClInclude Include="..\..\External\nlohmann\json.hpp">
      <Filter>External\nlohmann</Filter>
    </ClInclude>
    <ClInclude Include="FeatureLua.h" />
    <ClInclude Include="PhoenixTracyImpl.h" />
    <ClInclude Include="SDL\SDLCamera.h">
      <Filter>SDL</Filter>
    </ClInclude>
    <ClInclude Include="SDL\SDLDebugRenderer.h">
      <Filter>SDL</Filter>
    </ClInclude>
    <ClInclude Include="SDL\SDLDebugState.h">
      <Filter>SDL</Filter>
    </ClInclude>
    <ClInclude Include="SDL\SDLTool.h">
      <Filter>SDL</Filter>
    </ClInclude>
    <ClInclude Include="SDL\SDLViewport.h">
      <Filter>SDL</Filter>
    </ClInclude>
    <ClInclude Include="Tools\CameraTool.h">
      <Filter>Tools</Filter>
    </ClInclude>
    <ClInclude Include="Tools\EntityTool.h">
      <Filter>Tools</Filter>
    </ClInclude>
    <ClInclude Include="Tools\ImGuiPropertyGrid.h">
      <Filter>Tools</Filter>
    </ClInclude>
    <ClInclude Include="Tools\NavMeshTool.h">
      <Filter>Tools</Filter>
    </ClInclude>
  </ItemGroup>
  <ItemGroup>
    <ClCompile Include="..\..\External\imgui\backends\imgui_impl_sdl3.cpp">
      <Filter>External\imgui\backends</Filter>
    </ClCompile>
    <ClCompile Include="..\..\External\imgui\backends\imgui_impl_sdlrenderer3.cpp">
      <Filter>External\imgui\backends</Filter>
    </ClCompile>
    <ClCompile Include="..\..\External\imgui\imgui.cpp">
      <Filter>External\imgui</Filter>
    </ClCompile>
    <ClCompile Include="..\..\External\imgui\imgui_demo.cpp">
      <Filter>External\imgui</Filter>
    </ClCompile>
    <ClCompile Include="..\..\External\imgui\imgui_draw.cpp">
      <Filter>External\imgui</Filter>
    </ClCompile>
    <ClCompile Include="..\..\External\imgui\imgui_tables.cpp">
      <Filter>External\imgui</Filter>
    </ClCompile>
    <ClCompile Include="..\..\External\imgui\imgui_widgets.cpp">
      <Filter>External\imgui</Filter>
    </ClCompile>
    <ClCompile Include="..\..\External\tracy\TracyClient.cpp">
      <Filter>External\tracy</Filter>
    </ClCompile>
    <ClCompile Include="FeatureLua.cpp" />
    <ClCompile Include="PhoenixTracyImpl.cpp" />
    <ClCompile Include="SDL\SDLCamera.cpp">
      <Filter>SDL</Filter>
    </ClCompile>
    <ClCompile Include="SDL\SDLDebugRenderer.cpp">
      <Filter>SDL</Filter>
    </ClCompile>
    <ClCompile Include="SDL\SDLDebugState.cpp">
      <Filter>SDL</Filter>
    </ClCompile>
    <ClCompile Include="SDL\SDLViewport.cpp">
      <Filter>SDL</Filter>
    </ClCompile>
    <ClCompile Include="Tools\CameraTool.cpp">
      <Filter>Tools</Filter>
    </ClCompile>
    <ClCompile Include="Tools\EntityTool.cpp">
      <Filter>Tools</Filter>
    </ClCompile>
    <ClCompile Include="Tools\ImGuiPropertyGrid.cpp">
      <Filter>Tools</Filter>
    </ClCompile>
    <ClCompile Include="Tools\NavMeshTool.cpp">
      <Filter>Tools</Filter>
    </ClCompile>
    <ClCompile Include="app.cpp" />
    <ClCompile Include="main.cpp" />
  </ItemGroup>
  <ItemGroup>
    <None Include="..\..\External\imgui\.editorconfig">
      <Filter>External\imgui</Filter>
    </None>
    <None Include="..\..\External\imgui\.gitattributes">
      <Filter>External\imgui</Filter>
    </None>
    <None Include="..\..\External\imgui\.gitignore">
      <Filter>External\imgui</Filter>
    </None>
    <None Include="..\..\External\imgui\LICENSE.txt">
      <Filter>External\imgui</Filter>
    </None>
  </ItemGroup>
</Project>