<?xml version="1.0" encoding="utf-8"?>
<Project ToolsVersion="4.0" xmlns="http://schemas.microsoft.com/developer/msbuild/2003">
  <ItemGroup>
    <Filter Include="External">
      <UniqueIdentifier>{089DB854-F469-1360-1D83-010809AF48EE}</UniqueIdentifier>
    </Filter>
    <Filter Include="External\SDL3">
      <UniqueIdentifier>{6D30CD57-D9F0-488E-A22B-920B0EAB8D6A}</UniqueIdentifier>
    </Filter>
    <Filter Include="External\SDL3\include">
      <UniqueIdentifier>{E07486BD-4CE1-41B8-15D5-D91581006420}</UniqueIdentifier>
    </Filter>
  </ItemGroup>
  <ItemGroup>
    <ClInclude Include="External\SDL3\include\SDL.h">
      <Filter>External\SDL3\include</Filter>
    </ClInclude>
    <ClInclude Include="External\SDL3\include\SDL_assert.h">
      <Filter>External\SDL3\include</Filter>
    </ClInclude>
    <ClInclude Include="External\SDL3\include\SDL_asyncio.h">
      <Filter>External\SDL3\include</Filter>
    </ClInclude>
    <ClInclude Include="External\SDL3\include\SDL_atomic.h">
      <Filter>External\SDL3\include</Filter>
    </ClInclude>
    <ClInclude Include="External\SDL3\include\SDL_audio.h">
      <Filter>External\SDL3\include</Filter>
    </ClInclude>
    <ClInclude Include="External\SDL3\include\SDL_begin_code.h">
      <Filter>External\SDL3\include</Filter>
    </ClInclude>
    <ClInclude Include="External\SDL3\include\SDL_bits.h">
      <Filter>External\SDL3\include</Filter>
    </ClInclude>
    <ClInclude Include="External\SDL3\include\SDL_blendmode.h">
      <Filter>External\SDL3\include</Filter>
    </ClInclude>
    <ClInclude Include="External\SDL3\include\SDL_camera.h">
      <Filter>External\SDL3\include</Filter>
    </ClInclude>
    <ClInclude Include="External\SDL3\include\SDL_clipboard.h">
      <Filter>External\SDL3\include</Filter>
    </ClInclude>
    <ClInclude Include="External\SDL3\include\SDL_close_code.h">
      <Filter>External\SDL3\include</Filter>
    </ClInclude>
    <ClInclude Include="External\SDL3\include\SDL_copying.h">
      <Filter>External\SDL3\include</Filter>
    </ClInclude>
    <ClInclude Include="External\SDL3\include\SDL_cpuinfo.h">
      <Filter>External\SDL3\include</Filter>
    </ClInclude>
    <ClInclude Include="External\SDL3\include\SDL_dialog.h">
      <Filter>External\SDL3\include</Filter>
    </ClInclude>
    <ClInclude Include="External\SDL3\include\SDL_egl.h">
      <Filter>External\SDL3\include</Filter>
    </ClInclude>
    <ClInclude Include="External\SDL3\include\SDL_endian.h">
      <Filter>External\SDL3\include</Filter>
    </ClInclude>
    <ClInclude Include="External\SDL3\include\SDL_error.h">
      <Filter>External\SDL3\include</Filter>
    </ClInclude>
    <ClInclude Include="External\SDL3\include\SDL_events.h">
      <Filter>External\SDL3\include</Filter>
    </ClInclude>
    <ClInclude Include="External\SDL3\include\SDL_filesystem.h">
      <Filter>External\SDL3\include</Filter>
    </ClInclude>
    <ClInclude Include="External\SDL3\include\SDL_gamepad.h">
      <Filter>External\SDL3\include</Filter>
    </ClInclude>
    <ClInclude Include="External\SDL3\include\SDL_gpu.h">
      <Filter>External\SDL3\include</Filter>
    </ClInclude>
    <ClInclude Include="External\SDL3\include\SDL_guid.h">
      <Filter>External\SDL3\include</Filter>
    </ClInclude>
    <ClInclude Include="External\SDL3\include\SDL_haptic.h">
      <Filter>External\SDL3\include</Filter>
    </ClInclude>
    <ClInclude Include="External\SDL3\include\SDL_hidapi.h">
      <Filter>External\SDL3\include</Filter>
    </ClInclude>
    <ClInclude Include="External\SDL3\include\SDL_hints.h">
      <Filter>External\SDL3\include</Filter>
    </ClInclude>
    <ClInclude Include="External\SDL3\include\SDL_init.h">
      <Filter>External\SDL3\include</Filter>
    </ClInclude>
    <ClInclude Include="External\SDL3\include\SDL_intrin.h">
      <Filter>External\SDL3\include</Filter>
    </ClInclude>
    <ClInclude Include="External\SDL3\include\SDL_iostream.h">
      <Filter>External\SDL3\include</Filter>
    </ClInclude>
    <ClInclude Include="External\SDL3\include\SDL_joystick.h">
      <Filter>External\SDL3\include</Filter>
    </ClInclude>
    <ClInclude Include="External\SDL3\include\SDL_keyboard.h">
      <Filter>External\SDL3\include</Filter>
    </ClInclude>
    <ClInclude Include="External\SDL3\include\SDL_keycode.h">
      <Filter>External\SDL3\include</Filter>
    </ClInclude>
    <ClInclude Include="External\SDL3\include\SDL_loadso.h">
      <Filter>External\SDL3\include</Filter>
    </ClInclude>
    <ClInclude Include="External\SDL3\include\SDL_locale.h">
      <Filter>External\SDL3\include</Filter>
    </ClInclude>
    <ClInclude Include="External\SDL3\include\SDL_log.h">
      <Filter>External\SDL3\include</Filter>
    </ClInclude>
    <ClInclude Include="External\SDL3\include\SDL_main.h">
      <Filter>External\SDL3\include</Filter>
    </ClInclude>
    <ClInclude Include="External\SDL3\include\SDL_main_impl.h">
      <Filter>External\SDL3\include</Filter>
    </ClInclude>
    <ClInclude Include="External\SDL3\include\SDL_messagebox.h">
      <Filter>External\SDL3\include</Filter>
    </ClInclude>
    <ClInclude Include="External\SDL3\include\SDL_metal.h">
      <Filter>External\SDL3\include</Filter>
    </ClInclude>
    <ClInclude Include="External\SDL3\include\SDL_misc.h">
      <Filter>External\SDL3\include</Filter>
    </ClInclude>
    <ClInclude Include="External\SDL3\include\SDL_mouse.h">
      <Filter>External\SDL3\include</Filter>
    </ClInclude>
    <ClInclude Include="External\SDL3\include\SDL_mutex.h">
      <Filter>External\SDL3\include</Filter>
    </ClInclude>
    <ClInclude Include="External\SDL3\include\SDL_oldnames.h">
      <Filter>External\SDL3\include</Filter>
    </ClInclude>
    <ClInclude Include="External\SDL3\include\SDL_opengl.h">
      <Filter>External\SDL3\include</Filter>
    </ClInclude>
    <ClInclude Include="External\SDL3\include\SDL_opengl_glext.h">
      <Filter>External\SDL3\include</Filter>
    </ClInclude>
    <ClInclude Include="External\SDL3\include\SDL_opengles.h">
      <Filter>External\SDL3\include</Filter>
    </ClInclude>
    <ClInclude Include="External\SDL3\include\SDL_opengles2.h">
      <Filter>External\SDL3\include</Filter>
    </ClInclude>
    <ClInclude Include="External\SDL3\include\SDL_opengles2_gl2.h">
      <Filter>External\SDL3\include</Filter>
    </ClInclude>
    <ClInclude Include="External\SDL3\include\SDL_opengles2_gl2ext.h">
      <Filter>External\SDL3\include</Filter>
    </ClInclude>
    <ClInclude Include="External\SDL3\include\SDL_opengles2_gl2platform.h">
      <Filter>External\SDL3\include</Filter>
    </ClInclude>
    <ClInclude Include="External\SDL3\include\SDL_opengles2_khrplatform.h">
      <Filter>External\SDL3\include</Filter>
    </ClInclude>
    <ClInclude Include="External\SDL3\include\SDL_pen.h">
      <Filter>External\SDL3\include</Filter>
    </ClInclude>
    <ClInclude Include="External\SDL3\include\SDL_pixels.h">
      <Filter>External\SDL3\include</Filter>
    </ClInclude>
    <ClInclude Include="External\SDL3\include\SDL_platform.h">
      <Filter>External\SDL3\include</Filter>
    </ClInclude>
    <ClInclude Include="External\SDL3\include\SDL_platform_defines.h">
      <Filter>External\SDL3\include</Filter>
    </ClInclude>
    <ClInclude Include="External\SDL3\include\SDL_power.h">
      <Filter>External\SDL3\include</Filter>
    </ClInclude>
    <ClInclude Include="External\SDL3\include\SDL_process.h">
      <Filter>External\SDL3\include</Filter>
    </ClInclude>
    <ClInclude Include="External\SDL3\include\SDL_properties.h">
      <Filter>External\SDL3\include</Filter>
    </ClInclude>
    <ClInclude Include="External\SDL3\include\SDL_rect.h">
      <Filter>External\SDL3\include</Filter>
    </ClInclude>
    <ClInclude Include="External\SDL3\include\SDL_render.h">
      <Filter>External\SDL3\include</Filter>
    </ClInclude>
    <ClInclude Include="External\SDL3\include\SDL_revision.h">
      <Filter>External\SDL3\include</Filter>
    </ClInclude>
    <ClInclude Include="External\SDL3\include\SDL_scancode.h">
      <Filter>External\SDL3\include</Filter>
    </ClInclude>
    <ClInclude Include="External\SDL3\include\SDL_sensor.h">
      <Filter>External\SDL3\include</Filter>
    </ClInclude>
    <ClInclude Include="External\SDL3\include\SDL_stdinc.h">
      <Filter>External\SDL3\include</Filter>
    </ClInclude>
    <ClInclude Include="External\SDL3\include\SDL_storage.h">
      <Filter>External\SDL3\include</Filter>
    </ClInclude>
    <ClInclude Include="External\SDL3\include\SDL_surface.h">
      <Filter>External\SDL3\include</Filter>
    </ClInclude>
    <ClInclude Include="External\SDL3\include\SDL_system.h">
      <Filter>External\SDL3\include</Filter>
    </ClInclude>
    <ClInclude Include="External\SDL3\include\SDL_test.h">
      <Filter>External\SDL3\include</Filter>
    </ClInclude>
    <ClInclude Include="External\SDL3\include\SDL_test_assert.h">
      <Filter>External\SDL3\include</Filter>
    </ClInclude>
    <ClInclude Include="External\SDL3\include\SDL_test_common.h">
      <Filter>External\SDL3\include</Filter>
    </ClInclude>
    <ClInclude Include="External\SDL3\include\SDL_test_compare.h">
      <Filter>External\SDL3\include</Filter>
    </ClInclude>
    <ClInclude Include="External\SDL3\include\SDL_test_crc32.h">
      <Filter>External\SDL3\include</Filter>
    </ClInclude>
    <ClInclude Include="External\SDL3\include\SDL_test_font.h">
      <Filter>External\SDL3\include</Filter>
    </ClInclude>
    <ClInclude Include="External\SDL3\include\SDL_test_fuzzer.h">
      <Filter>External\SDL3\include</Filter>
    </ClInclude>
    <ClInclude Include="External\SDL3\include\SDL_test_harness.h">
      <Filter>External\SDL3\include</Filter>
    </ClInclude>
    <ClInclude Include="External\SDL3\include\SDL_test_log.h">
      <Filter>External\SDL3\include</Filter>
    </ClInclude>
    <ClInclude Include="External\SDL3\include\SDL_test_md5.h">
      <Filter>External\SDL3\include</Filter>
    </ClInclude>
    <ClInclude Include="External\SDL3\include\SDL_test_memory.h">
      <Filter>External\SDL3\include</Filter>
    </ClInclude>
    <ClInclude Include="External\SDL3\include\SDL_thread.h">
      <Filter>External\SDL3\include</Filter>
    </ClInclude>
    <ClInclude Include="External\SDL3\include\SDL_time.h">
      <Filter>External\SDL3\include</Filter>
    </ClInclude>
    <ClInclude Include="External\SDL3\include\SDL_timer.h">
      <Filter>External\SDL3\include</Filter>
    </ClInclude>
    <ClInclude Include="External\SDL3\include\SDL_touch.h">
      <Filter>External\SDL3\include</Filter>
    </ClInclude>
    <ClInclude Include="External\SDL3\include\SDL_tray.h">
      <Filter>External\SDL3\include</Filter>
    </ClInclude>
    <ClInclude Include="External\SDL3\include\SDL_version.h">
      <Filter>External\SDL3\include</Filter>
    </ClInclude>
    <ClInclude Include="External\SDL3\include\SDL_video.h">
      <Filter>External\SDL3\include</Filter>
    </ClInclude>
    <ClInclude Include="External\SDL3\include\SDL_vulkan.h">
      <Filter>External\SDL3\include</Filter>
    </ClInclude>
  </ItemGroup>
  <ItemGroup>
    <ClCompile Include="PhoenixSimDriver.cpp" />
  </ItemGroup>
</Project>